
Microsoft Visual Studio Solution File, Format Version 12.00
# Visual Studio Version 16
VisualStudioVersion = 16.0.29609.76
MinimumVisualStudioVersion = 10.0.40219.1
Project("{9A19103F-16F7-4668-BE54-9A1E7A4F7556}") = "TimeSeriesWebApp", "TimeSeriesWebApp\TimeSeriesWebApp.csproj", "{C72CC9C1-BCAB-416C-9476-8E97D7E264CC}"
EndProject
Global
	GlobalSection(SolutionConfigurationPlatforms) = preSolution
		Debug|Any CPU = Debug|Any CPU
		Release|Any CPU = Release|Any CPU
	EndGlobalSection
	GlobalSection(ProjectConfigurationPlatforms) = postSolution
		{C72CC9C1-BCAB-416C-9476-8E97D7E264CC}.Debug|Any CPU.ActiveCfg = Debug|Any CPU
		{C72CC9C1-BCAB-416C-9476-8E97D7E264CC}.Debug|Any CPU.Build.0 = Debug|Any CPU
		{C72CC9C1-BCAB-416C-9476-8E97D7E264CC}.Release|Any CPU.ActiveCfg = Release|Any CPU
		{C72CC9C1-BCAB-416C-9476-8E97D7E264CC}.Release|Any CPU.Build.0 = Release|Any CPU
	EndGlobalSection
	GlobalSection(SolutionProperties) = preSolution
		HideSolutionNode = FALSE
	EndGlobalSection
	GlobalSection(ExtensibilityGlobals) = postSolution
		SolutionGuid = {973CAC08-3AB6-4A23-87EE-04840EC23BA8}
	EndGlobalSection
EndGlobal
